// !$*UTF8*$!
{
	archiveVersion = 1;
	classes = {
	};
	objectVersion = 51;
	objects = {

/* Begin PBXBuildFile section */
		4309B8E83F2BEA7DEC23866D /* Pods_NewMovies.framework in Frameworks */ = {isa = PBXBuildFile; fileRef = 24025DE2CEC523EAA512931F /* Pods_NewMovies.framework */; };
		522F504C2517BD6800102FE1 /* Bree_Serif in Resources */ = {isa = PBXBuildFile; fileRef = 522F504B2517BD6800102FE1 /* Bree_Serif */; };
		5250FFF3251C953C003C93F7 /* BaseController.swift in Sources */ = {isa = PBXBuildFile; fileRef = 5250FFF2251C953C003C93F7 /* BaseController.swift */; };
		52604A602518045500A56C00 /* Movie.swift in Sources */ = {isa = PBXBuildFile; fileRef = 52604A5F2518045500A56C00 /* Movie.swift */; };
		52604A6225180A7100A56C00 /* GradientView.swift in Sources */ = {isa = PBXBuildFile; fileRef = 52604A6125180A7100A56C00 /* GradientView.swift */; };
		52604A6425182A0700A56C00 /* FavouriteController.swift in Sources */ = {isa = PBXBuildFile; fileRef = 52604A6325182A0700A56C00 /* FavouriteController.swift */; };
		52604A662518341C00A56C00 /* Details.storyboard in Resources */ = {isa = PBXBuildFile; fileRef = 52604A652518341C00A56C00 /* Details.storyboard */; };
		52604A68251834EE00A56C00 /* DetailsController.swift in Sources */ = {isa = PBXBuildFile; fileRef = 52604A67251834EE00A56C00 /* DetailsController.swift */; };
		52A97F162516DF44001A853A /* AppDelegate.swift in Sources */ = {isa = PBXBuildFile; fileRef = 52A97F152516DF44001A853A /* AppDelegate.swift */; };
		52A97F182516DF44001A853A /* SceneDelegate.swift in Sources */ = {isa = PBXBuildFile; fileRef = 52A97F172516DF44001A853A /* SceneDelegate.swift */; };
		52A97F1A2516DF44001A853A /* AllMoviesController.swift in Sources */ = {isa = PBXBuildFile; fileRef = 52A97F192516DF44001A853A /* AllMoviesController.swift */; };
		52A97F1D2516DF44001A853A /* Main.storyboard in Resources */ = {isa = PBXBuildFile; fileRef = 52A97F1B2516DF44001A853A /* Main.storyboard */; };
		52A97F1F2516DF47001A853A /* Assets.xcassets in Resources */ = {isa = PBXBuildFile; fileRef = 52A97F1E2516DF47001A853A /* Assets.xcassets */; };
		52A97F222516DF47001A853A /* LaunchScreen.storyboard in Resources */ = {isa = PBXBuildFile; fileRef = 52A97F202516DF47001A853A /* LaunchScreen.storyboard */; };
		52D783D32517C50A00A8ED15 /* MoviesCell.swift in Sources */ = {isa = PBXBuildFile; fileRef = 52D783D12517C50A00A8ED15 /* MoviesCell.swift */; };
		52D783D42517C50A00A8ED15 /* MoviesCell.xib in Resources */ = {isa = PBXBuildFile; fileRef = 52D783D22517C50A00A8ED15 /* MoviesCell.xib */; };
		52EFD366251A93750005B1C3 /* MoviesPlayList.swift in Sources */ = {isa = PBXBuildFile; fileRef = 52EFD365251A93750005B1C3 /* MoviesPlayList.swift */; };
/* End PBXBuildFile section */

/* Begin PBXFileReference section */
		24025DE2CEC523EAA512931F /* Pods_NewMovies.framework */ = {isa = PBXFileReference; explicitFileType = wrapper.framework; includeInIndex = 0; path = Pods_NewMovies.framework; sourceTree = BUILT_PRODUCTS_DIR; };
		522F504B2517BD6800102FE1 /* Bree_Serif */ = {isa = PBXFileReference; lastKnownFileType = folder; path = Bree_Serif; sourceTree = "<group>"; };
		5250FFF2251C953C003C93F7 /* BaseController.swift */ = {isa = PBXFileReference; fileEncoding = 4; lastKnownFileType = sourcecode.swift; path = BaseController.swift; sourceTree = "<group>"; };
		52604A5F2518045500A56C00 /* Movie.swift */ = {isa = PBXFileReference; lastKnownFileType = sourcecode.swift; path = Movie.swift; sourceTree = "<group>"; };
		52604A6125180A7100A56C00 /* GradientView.swift */ = {isa = PBXFileReference; fileEncoding = 4; lastKnownFileType = sourcecode.swift; path = GradientView.swift; sourceTree = "<group>"; };
		52604A6325182A0700A56C00 /* FavouriteController.swift */ = {isa = PBXFileReference; lastKnownFileType = sourcecode.swift; path = FavouriteController.swift; sourceTree = "<group>"; };
		52604A652518341C00A56C00 /* Details.storyboard */ = {isa = PBXFileReference; lastKnownFileType = file.storyboard; path = Details.storyboard; sourceTree = "<group>"; };
		52604A67251834EE00A56C00 /* DetailsController.swift */ = {isa = PBXFileReference; lastKnownFileType = sourcecode.swift; path = DetailsController.swift; sourceTree = "<group>"; };
		52A97F122516DF44001A853A /* NewMovies.app */ = {isa = PBXFileReference; explicitFileType = wrapper.application; includeInIndex = 0; path = NewMovies.app; sourceTree = BUILT_PRODUCTS_DIR; };
		52A97F152516DF44001A853A /* AppDelegate.swift */ = {isa = PBXFileReference; lastKnownFileType = sourcecode.swift; path = AppDelegate.swift; sourceTree = "<group>"; };
		52A97F172516DF44001A853A /* SceneDelegate.swift */ = {isa = PBXFileReference; lastKnownFileType = sourcecode.swift; path = SceneDelegate.swift; sourceTree = "<group>"; };
		52A97F192516DF44001A853A /* AllMoviesController.swift */ = {isa = PBXFileReference; lastKnownFileType = sourcecode.swift; path = AllMoviesController.swift; sourceTree = "<group>"; };
		52A97F1C2516DF44001A853A /* Base */ = {isa = PBXFileReference; lastKnownFileType = file.storyboard; name = Base; path = Base.lproj/Main.storyboard; sourceTree = "<group>"; };
		52A97F1E2516DF47001A853A /* Assets.xcassets */ = {isa = PBXFileReference; lastKnownFileType = folder.assetcatalog; path = Assets.xcassets; sourceTree = "<group>"; };
		52A97F212516DF47001A853A /* Base */ = {isa = PBXFileReference; lastKnownFileType = file.storyboard; name = Base; path = Base.lproj/LaunchScreen.storyboard; sourceTree = "<group>"; };
		52A97F232516DF47001A853A /* Info.plist */ = {isa = PBXFileReference; lastKnownFileType = text.plist.xml; path = Info.plist; sourceTree = "<group>"; };
		52D783D12517C50A00A8ED15 /* MoviesCell.swift */ = {isa = PBXFileReference; lastKnownFileType = sourcecode.swift; path = MoviesCell.swift; sourceTree = "<group>"; };
		52D783D22517C50A00A8ED15 /* MoviesCell.xib */ = {isa = PBXFileReference; lastKnownFileType = file.xib; path = MoviesCell.xib; sourceTree = "<group>"; };
		52EFD365251A93750005B1C3 /* MoviesPlayList.swift */ = {isa = PBXFileReference; lastKnownFileType = sourcecode.swift; path = MoviesPlayList.swift; sourceTree = "<group>"; };
		97DBDE3245FA2C048F74C169 /* Pods-NewMovies.release.xcconfig */ = {isa = PBXFileReference; includeInIndex = 1; lastKnownFileType = text.xcconfig; name = "Pods-NewMovies.release.xcconfig"; path = "Target Support Files/Pods-NewMovies/Pods-NewMovies.release.xcconfig"; sourceTree = "<group>"; };
		BAEDCFA11F5168E6B8EF2A5E /* Pods-NewMovies.debug.xcconfig */ = {isa = PBXFileReference; includeInIndex = 1; lastKnownFileType = text.xcconfig; name = "Pods-NewMovies.debug.xcconfig"; path = "Target Support Files/Pods-NewMovies/Pods-NewMovies.debug.xcconfig"; sourceTree = "<group>"; };
/* End PBXFileReference section */

/* Begin PBXFrameworksBuildPhase section */
		52A97F0F2516DF44001A853A /* Frameworks */ = {
			isa = PBXFrameworksBuildPhase;
			buildActionMask = 2147483647;
			files = (
				4309B8E83F2BEA7DEC23866D /* Pods_NewMovies.framework in Frameworks */,
			);
			runOnlyForDeploymentPostprocessing = 0;
		};
/* End PBXFrameworksBuildPhase section */

/* Begin PBXGroup section */
		305D16BFC211C0467868992E /* Frameworks */ = {
			isa = PBXGroup;
			children = (
				24025DE2CEC523EAA512931F /* Pods_NewMovies.framework */,
			);
			name = Frameworks;
			sourceTree = "<group>";
		};
		522F504A2517BD3300102FE1 /* Fonts */ = {
			isa = PBXGroup;
			children = (
				522F504B2517BD6800102FE1 /* Bree_Serif */,
			);
			path = Fonts;
			sourceTree = "<group>";
		};
		52A97F092516DF44001A853A = {
			isa = PBXGroup;
			children = (
				52A97F142516DF44001A853A /* NewMovies */,
				52A97F132516DF44001A853A /* Products */,
				C5ADA216FFB174F8DB27D18A /* Pods */,
				305D16BFC211C0467868992E /* Frameworks */,
			);
			sourceTree = "<group>";
		};
		52A97F132516DF44001A853A /* Products */ = {
			isa = PBXGroup;
			children = (
				52A97F122516DF44001A853A /* NewMovies.app */,
			);
			name = Products;
			sourceTree = "<group>";
		};
		52A97F142516DF44001A853A /* NewMovies */ = {
			isa = PBXGroup;
			children = (
				522F504A2517BD3300102FE1 /* Fonts */,
				52A97F2D2516E016001A853A /* Resource */,
				52A97F2C2516DFC4001A853A /* Storyboards */,
				52A97F2B2516DFB7001A853A /* Model */,
				52A97F2A2516DFA6001A853A /* View */,
				52A97F292516DF56001A853A /* Controller */,
				52A97F232516DF47001A853A /* Info.plist */,
			);
			path = NewMovies;
			sourceTree = "<group>";
		};
		52A97F292516DF56001A853A /* Controller */ = {
			isa = PBXGroup;
			children = (
				5250FFF2251C953C003C93F7 /* BaseController.swift */,
				52A97F192516DF44001A853A /* AllMoviesController.swift */,
				52604A6325182A0700A56C00 /* FavouriteController.swift */,
				52604A67251834EE00A56C00 /* DetailsController.swift */,
			);
			path = Controller;
			sourceTree = "<group>";
		};
		52A97F2A2516DFA6001A853A /* View */ = {
			isa = PBXGroup;
			children = (
				52D783D12517C50A00A8ED15 /* MoviesCell.swift */,
				52D783D22517C50A00A8ED15 /* MoviesCell.xib */,
			);
			path = View;
			sourceTree = "<group>";
		};
		52A97F2B2516DFB7001A853A /* Model */ = {
			isa = PBXGroup;
			children = (
				52604A5F2518045500A56C00 /* Movie.swift */,
				52604A6125180A7100A56C00 /* GradientView.swift */,
				52EFD365251A93750005B1C3 /* MoviesPlayList.swift */,
			);
			path = Model;
			sourceTree = "<group>";
		};
		52A97F2C2516DFC4001A853A /* Storyboards */ = {
			isa = PBXGroup;
			children = (
				52A97F202516DF47001A853A /* LaunchScreen.storyboard */,
				52A97F1B2516DF44001A853A /* Main.storyboard */,
				52604A652518341C00A56C00 /* Details.storyboard */,
			);
			path = Storyboards;
			sourceTree = "<group>";
		};
		52A97F2D2516E016001A853A /* Resource */ = {
			isa = PBXGroup;
			children = (
				52A97F152516DF44001A853A /* AppDelegate.swift */,
				52A97F172516DF44001A853A /* SceneDelegate.swift */,
				52A97F1E2516DF47001A853A /* Assets.xcassets */,
			);
			path = Resource;
			sourceTree = "<group>";
		};
		C5ADA216FFB174F8DB27D18A /* Pods */ = {
			isa = PBXGroup;
			children = (
				BAEDCFA11F5168E6B8EF2A5E /* Pods-NewMovies.debug.xcconfig */,
				97DBDE3245FA2C048F74C169 /* Pods-NewMovies.release.xcconfig */,
			);
			path = Pods;
			sourceTree = "<group>";
		};
/* End PBXGroup section */

/* Begin PBXNativeTarget section */
		52A97F112516DF44001A853A /* NewMovies */ = {
			isa = PBXNativeTarget;
			buildConfigurationList = 52A97F262516DF47001A853A /* Build configuration list for PBXNativeTarget "NewMovies" */;
			buildPhases = (
				F6083D55DAFA65460B2B759E /* [CP] Check Pods Manifest.lock */,
				52A97F0E2516DF44001A853A /* Sources */,
				52A97F0F2516DF44001A853A /* Frameworks */,
				52A97F102516DF44001A853A /* Resources */,
				C6EF1B680ABAE755B4BD763E /* [CP] Embed Pods Frameworks */,
			);
			buildRules = (
			);
			dependencies = (
			);
			name = NewMovies;
			productName = NewMovies;
			productReference = 52A97F122516DF44001A853A /* NewMovies.app */;
			productType = "com.apple.product-type.application";
		};
/* End PBXNativeTarget section */

/* Begin PBXProject section */
		52A97F0A2516DF44001A853A /* Project object */ = {
			isa = PBXProject;
			attributes = {
				LastSwiftUpdateCheck = 1130;
				LastUpgradeCheck = 1130;
				ORGANIZATIONNAME = rahma;
				TargetAttributes = {
					52A97F112516DF44001A853A = {
						CreatedOnToolsVersion = 11.3.1;
					};
				};
			};
			buildConfigurationList = 52A97F0D2516DF44001A853A /* Build configuration list for PBXProject "NewMovies" */;
			compatibilityVersion = "Xcode 9.3";
			developmentRegion = en;
			hasScannedForEncodings = 0;
			knownRegions = (
				en,
				Base,
			);
			mainGroup = 52A97F092516DF44001A853A;
			productRefGroup = 52A97F132516DF44001A853A /* Products */;
			projectDirPath = "";
			projectRoot = "";
			targets = (
				52A97F112516DF44001A853A /* NewMovies */,
			);
		};
/* End PBXProject section */

/* Begin PBXResourcesBuildPhase section */
		52A97F102516DF44001A853A /* Resources */ = {
			isa = PBXResourcesBuildPhase;
			buildActionMask = 2147483647;
			files = (
				522F504C2517BD6800102FE1 /* Bree_Serif in Resources */,
				52604A662518341C00A56C00 /* Details.storyboard in Resources */,
				52A97F222516DF47001A853A /* LaunchScreen.storyboard in Resources */,
				52A97F1F2516DF47001A853A /* Assets.xcassets in Resources */,
				52A97F1D2516DF44001A853A /* Main.storyboard in Resources */,
				52D783D42517C50A00A8ED15 /* MoviesCell.xib in Resources */,
			);
			runOnlyForDeploymentPostprocessing = 0;
		};
/* End PBXResourcesBuildPhase section */

/* Begin PBXShellScriptBuildPhase section */
		C6EF1B680ABAE755B4BD763E /* [CP] Embed Pods Frameworks */ = {
			isa = PBXShellScriptBuildPhase;
			buildActionMask = 2147483647;
			files = (
			);
			inputFileListPaths = (
				"${PODS_ROOT}/Target Support Files/Pods-NewMovies/Pods-NewMovies-frameworks-${CONFIGURATION}-input-files.xcfilelist",
			);
			name = "[CP] Embed Pods Frameworks";
			outputFileListPaths = (
				"${PODS_ROOT}/Target Support Files/Pods-NewMovies/Pods-NewMovies-frameworks-${CONFIGURATION}-output-files.xcfilelist",
			);
			runOnlyForDeploymentPostprocessing = 0;
			shellPath = /bin/sh;
			shellScript = "\"${PODS_ROOT}/Target Support Files/Pods-NewMovies/Pods-NewMovies-frameworks.sh\"\n";
			showEnvVarsInLog = 0;
		};
		F6083D55DAFA65460B2B759E /* [CP] Check Pods Manifest.lock */ = {
			isa = PBXShellScriptBuildPhase;
			buildActionMask = 2147483647;
			files = (
			);
			inputFileListPaths = (
			);
			inputPaths = (
				"${PODS_PODFILE_DIR_PATH}/Podfile.lock",
				"${PODS_ROOT}/Manifest.lock",
			);
			name = "[CP] Check Pods Manifest.lock";
			outputFileListPaths = (
			);
			outputPaths = (
				"$(DERIVED_FILE_DIR)/Pods-NewMovies-checkManifestLockResult.txt",
			);
			runOnlyForDeploymentPostprocessing = 0;
			shellPath = /bin/sh;
			shellScript = "diff \"${PODS_PODFILE_DIR_PATH}/Podfile.lock\" \"${PODS_ROOT}/Manifest.lock\" > /dev/null\nif [ $? != 0 ] ; then\n    # print error to STDERR\n    echo \"error: The sandbox is not in sync with the Podfile.lock. Run 'pod install' or update your CocoaPods installation.\" >&2\n    exit 1\nfi\n# This output is used by Xcode 'outputs' to avoid re-running this script phase.\necho \"SUCCESS\" > \"${SCRIPT_OUTPUT_FILE_0}\"\n";
			showEnvVarsInLog = 0;
		};
/* End PBXShellScriptBuildPhase section */

/* Begin PBXSourcesBuildPhase section */
		52A97F0E2516DF44001A853A /* Sources */ = {
			isa = PBXSourcesBuildPhase;
			buildActionMask = 2147483647;
			files = (
				52A97F1A2516DF44001A853A /* AllMoviesController.swift in Sources */,
				52A97F162516DF44001A853A /* AppDelegate.swift in Sources */,
				5250FFF3251C953C003C93F7 /* BaseController.swift in Sources */,
				52604A6225180A7100A56C00 /* GradientView.swift in Sources */,
				52D783D32517C50A00A8ED15 /* MoviesCell.swift in Sources */,
				52604A68251834EE00A56C00 /* DetailsController.swift in Sources */,
				52A97F182516DF44001A853A /* SceneDelegate.swift in Sources */,
				52EFD366251A93750005B1C3 /* MoviesPlayList.swift in Sources */,
				52604A602518045500A56C00 /* Movie.swift in Sources */,
				52604A6425182A0700A56C00 /* FavouriteController.swift in Sources */,
			);
			runOnlyForDeploymentPostprocessing = 0;
		};
/* End PBXSourcesBuildPhase section */

/* Begin PBXVariantGroup section */
		52A97F1B2516DF44001A853A /* Main.storyboard */ = {
			isa = PBXVariantGroup;
			children = (
				52A97F1C2516DF44001A853A /* Base */,
			);
			name = Main.storyboard;
			sourceTree = "<group>";
		};
		52A97F202516DF47001A853A /* LaunchScreen.storyboard */ = {
			isa = PBXVariantGroup;
			children = (
				52A97F212516DF47001A853A /* Base */,
			);
			name = LaunchScreen.storyboard;
			sourceTree = "<group>";
		};
/* End PBXVariantGroup section */

/* Begin XCBuildConfiguration section */
		52A97F242516DF47001A853A /* Debug */ = {
			isa = XCBuildConfiguration;
			buildSettings = {
				ALWAYS_SEARCH_USER_PATHS = NO;
				CLANG_ANALYZER_NONNULL = YES;
				CLANG_ANALYZER_NUMBER_OBJECT_CONVERSION = YES_AGGRESSIVE;
				CLANG_CXX_LANGUAGE_STANDARD = "gnu++14";
				CLANG_CXX_LIBRARY = "libc++";
				CLANG_ENABLE_MODULES = YES;
				CLANG_ENABLE_OBJC_ARC = YES;
				CLANG_ENABLE_OBJC_WEAK = YES;
				CLANG_WARN_BLOCK_CAPTURE_AUTORELEASING = YES;
				CLANG_WARN_BOOL_CONVERSION = YES;
				CLANG_WARN_COMMA = YES;
				CLANG_WARN_CONSTANT_CONVERSION = YES;
				CLANG_WARN_DEPRECATED_OBJC_IMPLEMENTATIONS = YES;
				CLANG_WARN_DIRECT_OBJC_ISA_USAGE = YES_ERROR;
				CLANG_WARN_DOCUMENTATION_COMMENTS = YES;
				CLANG_WARN_EMPTY_BODY = YES;
				CLANG_WARN_ENUM_CONVERSION = YES;
				CLANG_WARN_INFINITE_RECURSION = YES;
				CLANG_WARN_INT_CONVERSION = YES;
				CLANG_WARN_NON_LITERAL_NULL_CONVERSION = YES;
				CLANG_WARN_OBJC_IMPLICIT_RETAIN_SELF = YES;
				CLANG_WARN_OBJC_LITERAL_CONVERSION = YES;
				CLANG_WARN_OBJC_ROOT_CLASS = YES_ERROR;
				CLANG_WARN_RANGE_LOOP_ANALYSIS = YES;
				CLANG_WARN_STRICT_PROTOTYPES = YES;
				CLANG_WARN_SUSPICIOUS_MOVE = YES;
				CLANG_WARN_UNGUARDED_AVAILABILITY = YES_AGGRESSIVE;
				CLANG_WARN_UNREACHABLE_CODE = YES;
				CLANG_WARN__DUPLICATE_METHOD_MATCH = YES;
				COPY_PHASE_STRIP = NO;
				DEBUG_INFORMATION_FORMAT = dwarf;
				ENABLE_STRICT_OBJC_MSGSEND = YES;
				ENABLE_TESTABILITY = YES;
				GCC_C_LANGUAGE_STANDARD = gnu11;
				GCC_DYNAMIC_NO_PIC = NO;
				GCC_NO_COMMON_BLOCKS = YES;
				GCC_OPTIMIZATION_LEVEL = 0;
				GCC_PREPROCESSOR_DEFINITIONS = (
					"DEBUG=1",
					"$(inherited)",
				);
				GCC_WARN_64_TO_32_BIT_CONVERSION = YES;
				GCC_WARN_ABOUT_RETURN_TYPE = YES_ERROR;
				GCC_WARN_UNDECLARED_SELECTOR = YES;
				GCC_WARN_UNINITIALIZED_AUTOS = YES_AGGRESSIVE;
				GCC_WARN_UNUSED_FUNCTION = YES;
				GCC_WARN_UNUSED_VARIABLE = YES;
				IPHONEOS_DEPLOYMENT_TARGET = 13.2;
				MTL_ENABLE_DEBUG_INFO = INCLUDE_SOURCE;
				MTL_FAST_MATH = YES;
				ONLY_ACTIVE_ARCH = YES;
				SDKROOT = iphoneos;
				SWIFT_ACTIVE_COMPILATION_CONDITIONS = DEBUG;
				SWIFT_OPTIMIZATION_LEVEL = "-Onone";
			};
			name = Debug;
		};
		52A97F252516DF47001A853A /* Release */ = {
			isa = XCBuildConfiguration;
			buildSettings = {
				ALWAYS_SEARCH_USER_PATHS = NO;
				CLANG_ANALYZER_NONNULL = YES;
				CLANG_ANALYZER_NUMBER_OBJECT_CONVERSION = YES_AGGRESSIVE;
				CLANG_CXX_LANGUAGE_STANDARD = "gnu++14";
				CLANG_CXX_LIBRARY = "libc++";
				CLANG_ENABLE_MODULES = YES;
				CLANG_ENABLE_OBJC_ARC = YES;
				CLANG_ENABLE_OBJC_WEAK = YES;
				CLANG_WARN_BLOCK_CAPTURE_AUTORELEASING = YES;
				CLANG_WARN_BOOL_CONVERSION = YES;
				CLANG_WARN_COMMA = YES;
				CLANG_WARN_CONSTANT_CONVERSION = YES;
				CLANG_WARN_DEPRECATED_OBJC_IMPLEMENTATIONS = YES;
				CLANG_WARN_DIRECT_OBJC_ISA_USAGE = YES_ERROR;
				CLANG_WARN_DOCUMENTATION_COMMENTS = YES;
				CLANG_WARN_EMPTY_BODY = YES;
				CLANG_WARN_ENUM_CONVERSION = YES;
				CLANG_WARN_INFINITE_RECURSION = YES;
				CLANG_WARN_INT_CONVERSION = YES;
				CLANG_WARN_NON_LITERAL_NULL_CONVERSION = YES;
				CLANG_WARN_OBJC_IMPLICIT_RETAIN_SELF = YES;
				CLANG_WARN_OBJC_LITERAL_CONVERSION = YES;
				CLANG_WARN_OBJC_ROOT_CLASS = YES_ERROR;
				CLANG_WARN_RANGE_LOOP_ANALYSIS = YES;
				CLANG_WARN_STRICT_PROTOTYPES = YES;
				CLANG_WARN_SUSPICIOUS_MOVE = YES;
				CLANG_WARN_UNGUARDED_AVAILABILITY = YES_AGGRESSIVE;
				CLANG_WARN_UNREACHABLE_CODE = YES;
				CLANG_WARN__DUPLICATE_METHOD_MATCH = YES;
				COPY_PHASE_STRIP = NO;
				DEBUG_INFORMATION_FORMAT = "dwarf-with-dsym";
				ENABLE_NS_ASSERTIONS = NO;
				ENABLE_STRICT_OBJC_MSGSEND = YES;
				GCC_C_LANGUAGE_STANDARD = gnu11;
				GCC_NO_COMMON_BLOCKS = YES;
				GCC_WARN_64_TO_32_BIT_CONVERSION = YES;
				GCC_WARN_ABOUT_RETURN_TYPE = YES_ERROR;
				GCC_WARN_UNDECLARED_SELECTOR = YES;
				GCC_WARN_UNINITIALIZED_AUTOS = YES_AGGRESSIVE;
				GCC_WARN_UNUSED_FUNCTION = YES;
				GCC_WARN_UNUSED_VARIABLE = YES;
				IPHONEOS_DEPLOYMENT_TARGET = 13.2;
				MTL_ENABLE_DEBUG_INFO = NO;
				MTL_FAST_MATH = YES;
				SDKROOT = iphoneos;
				SWIFT_COMPILATION_MODE = wholemodule;
				SWIFT_OPTIMIZATION_LEVEL = "-O";
				VALIDATE_PRODUCT = YES;
			};
			name = Release;
		};
		52A97F272516DF47001A853A /* Debug */ = {
			isa = XCBuildConfiguration;
			baseConfigurationReference = BAEDCFA11F5168E6B8EF2A5E /* Pods-NewMovies.debug.xcconfig */;
			buildSettings = {
				ASSETCATALOG_COMPILER_APPICON_NAME = AppIcon;
				CODE_SIGN_STYLE = Automatic;
				DEVELOPMENT_TEAM = 66H4HNDL85;
				INFOPLIST_FILE = NewMovies/Info.plist;
				LD_RUNPATH_SEARCH_PATHS = (
					"$(inherited)",
					"@executable_path/Frameworks",
				);
				PRODUCT_BUNDLE_IDENTIFIER = rahma.NewMovies;
				PRODUCT_NAME = "$(TARGET_NAME)";
				SWIFT_VERSION = 5.0;
				TARGETED_DEVICE_FAMILY = "1,2";
			};
			name = Debug;
		};
		52A97F282516DF47001A853A /* Release */ = {
			isa = XCBuildConfiguration;
			baseConfigurationReference = 97DBDE3245FA2C048F74C169 /* Pods-NewMovies.release.xcconfig */;
			buildSettings = {
				ASSETCATALOG_COMPILER_APPICON_NAME = AppIcon;
				CODE_SIGN_STYLE = Automatic;
				DEVELOPMENT_TEAM = 66H4HNDL85;
				INFOPLIST_FILE = NewMovies/Info.plist;
				LD_RUNPATH_SEARCH_PATHS = (
					"$(inherited)",
					"@executable_path/Frameworks",
				);
				PRODUCT_BUNDLE_IDENTIFIER = rahma.NewMovies;
				PRODUCT_NAME = "$(TARGET_NAME)";
				SWIFT_VERSION = 5.0;
				TARGETED_DEVICE_FAMILY = "1,2";
			};
			name = Release;
		};
/* End XCBuildConfiguration section */

/* Begin XCConfigurationList section */
		52A97F0D2516DF44001A853A /* Build configuration list for PBXProject "NewMovies" */ = {
			isa = XCConfigurationList;
			buildConfigurations = (
				52A97F242516DF47001A853A /* Debug */,
				52A97F252516DF47001A853A /* Release */,
			);
			defaultConfigurationIsVisible = 0;
			defaultConfigurationName = Release;
		};
		52A97F262516DF47001A853A /* Build configuration list for PBXNativeTarget "NewMovies" */ = {
			isa = XCConfigurationList;
			buildConfigurations = (
				52A97F272516DF47001A853A /* Debug */,
				52A97F282516DF47001A853A /* Release */,
			);
			defaultConfigurationIsVisible = 0;
			defaultConfigurationName = Release;
		};
/* End XCConfigurationList section */
	};
	rootObject = 52A97F0A2516DF44001A853A /* Project object */;
}
